
Microsoft Visual Studio Solution File, Format Version 12.00
# Visual Studio Version 17
VisualStudioVersion = 17.9.34728.123
MinimumVisualStudioVersion = 10.0.40219.1
Project("{FAE04EC0-301F-11D3-BF4B-00C04F79EFBC}") = "Phobos", "Phobos\Phobos.csproj", "{93D22981-2B7E-409B-9DB9-E9B21F20DCD0}"
EndProject
Project("{FAE04EC0-301F-11D3-BF4B-00C04F79EFBC}") = "Gym", "Gym\Gym.csproj", "{75D4820F-6781-4BF6-ADCC-53A6902ADE2B}"
EndProject
Global
	GlobalSection(SolutionConfigurationPlatforms) = preSolution
		Debug|Any CPU = Debug|Any CPU
		Release|Any CPU = Release|Any CPU
	EndGlobalSection
	GlobalSection(ProjectConfigurationPlatforms) = postSolution
		{93D22981-2B7E-409B-9DB9-E9B21F20DCD0}.Debug|Any CPU.ActiveCfg = Debug|Any CPU
		{93D22981-2B7E-409B-9DB9-E9B21F20DCD0}.Debug|Any CPU.Build.0 = Debug|Any CPU
		{93D22981-2B7E-409B-9DB9-E9B21F20DCD0}.Release|Any CPU.ActiveCfg = Release|Any CPU
		{93D22981-2B7E-409B-9DB9-E9B21F20DCD0}.Release|Any CPU.Build.0 = Release|Any CPU
		{75D4820F-6781-4BF6-ADCC-53A6902ADE2B}.Debug|Any CPU.ActiveCfg = Debug|Any CPU
		{75D4820F-6781-4BF6-ADCC-53A6902ADE2B}.Debug|Any CPU.Build.0 = Debug|Any CPU
		{75D4820F-6781-4BF6-ADCC-53A6902ADE2B}.Release|Any CPU.ActiveCfg = Release|Any CPU
		{75D4820F-6781-4BF6-ADCC-53A6902ADE2B}.Release|Any CPU.Build.0 = Release|Any CPU
	EndGlobalSection
	GlobalSection(SolutionProperties) = preSolution
		HideSolutionNode = FALSE
	EndGlobalSection
	GlobalSection(ExtensibilityGlobals) = postSolution
		SolutionGuid = {6747ED95-B922-4799-954F-36FF0EA4F3BA}
	EndGlobalSection
EndGlobal
